PODS:
  - AppLovinSDK (13.6.2)
  - Appodeal (4.3.0):
    - Protobuf (= 3.29.3)
    - StackConsentManager (= 4.1.0)
    - StackModules (= 3.5.2)
  - AppodealAppLovinAdapter (13.6.2.0):
    - AppLovinSDK (= 13.6.2)
    - Appodeal (< 5.0.0, >= 4.0.0)
  - AppodealAppLovinMAXAdapter (13.6.2.0):
    - AppLovinSDK (= 13.6.2)
    - Appodeal (< 5.0.0, >= 4.0.0)
  - AppodealBidMachineAdapter (3.7.1.0):
    - Appodeal (< 5.0.0, >= 4.0.0)
    - BidMachine (= 3.7.1)
  - AppodealBidonAdapter (0.15.0.0):
    - Appodeal (< 5.0.0, >= 4.0.0)
    - Bidon (= 0.15.0)
  - AppodealBigoAdsAdapter (5.2.1.0):
    - Appodeal (< 5.0.0, >= 4.0.0)
    - BigoADS (= 5.2.1)
  - AppodealDTExchangeAdapter (8.4.7.0):
    - Appodeal (< 5.0.0, >= 4.0.0)
    - Fyber_Marketplace_SDK (= 8.4.7)
  - AppodealGoogleAdMobAdapter (13.5.0.0):
    - Appodeal (< 5.0.0, >= 4.0.0)
    - Bidon (= 0.15.0)
    - Google-Mobile-Ads-SDK (= 13.5.0)
  - AppodealIABAdapter (3.5.2.0):
    - Appodeal (< 5.0.0, >= 4.0.0)
    - StackModules (= 3.5.2)
  - AppodealInMobiAdapter (11.3.0.0):
    - Appodeal (< 5.0.0, >= 4.0.0)
    - InMobiSDK (= 11.3.0)
  - AppodealIronSourceAdapter (9.4.0.0.0):
    - Appodeal (< 5.0.0, >= 4.0.0)
    - IronSourceSDK (= 9.4.0.0)
  - AppodealLevelPlayAdapter (9.4.0.0.0):
    - Appodeal (< 5.0.0, >= 4.0.0)
    - IronSourceSDK (= 9.4.0.0)
  - AppodealMintegralAdapter (8.1.3.0):
    - Appodeal (< 5.0.0, >= 4.0.0)
    - MintegralAdSDK (= 8.1.3)
  - AppodealMyTargetAdapter (5.43.0.0):
    - Appodeal (< 5.0.0, >= 4.0.0)
    - myTargetSDK (= 5.43.0)
  - AppodealSentryAdapter (8.57.2.1):
    - Appodeal (< 5.0.0, >= 4.0.0)
    - Sentry (= 8.57.2)
  - BidMachine (3.7.1):
    - BidMachine/Static (= 3.7.1)
  - BidMachine/Static (3.7.1):
    - OMSDK_Appodeal/Static (= 1.6.3)
  - Bidon (0.15.0)
  - BigoADS (5.2.1)
  - Fyber_Marketplace_SDK (8.4.7)
  - Google-Mobile-Ads-SDK (13.5.0):
    - GoogleUserMessagingPlatform (>= 1.1)
  - GoogleUserMessagingPlatform (3.1.0)
  - InMobiSDK (11.3.0)
  - IronSourceAdQualitySDK (9.4.0)
  - IronSourceSDK (9.4.0.0):
    - IronSourceSDK/AdQuality (= 9.4.0.0)
    - IronSourceSDK/Ads (= 9.4.0.0)
  - IronSourceSDK/AdQuality (9.4.0.0):
    - IronSourceAdQualitySDK (~> 9.4.0)
  - IronSourceSDK/Ads (9.4.0.0)
  - MintegralAdSDK (8.1.3):
    - MintegralAdSDK/BannerAd (= 8.1.3)
    - MintegralAdSDK/BidBannerAd (= 8.1.3)
    - MintegralAdSDK/BidInterstitialVideoAd (= 8.1.3)
    - MintegralAdSDK/BidNativeAd (= 8.1.3)
    - MintegralAdSDK/BidNewInterstitialAd (= 8.1.3)
    - MintegralAdSDK/BidRewardVideoAd (= 8.1.3)
    - MintegralAdSDK/InterstitialVideoAd (= 8.1.3)
    - MintegralAdSDK/NativeAd (= 8.1.3)
    - MintegralAdSDK/NewInterstitialAd (= 8.1.3)
    - MintegralAdSDK/RewardVideoAd (= 8.1.3)
  - MintegralAdSDK/BannerAd (8.1.3):
    - MintegralAdSDK/NativeAd
  - MintegralAdSDK/BidBannerAd (8.1.3):
    - MintegralAdSDK/BannerAd
    - MintegralAdSDK/BidNativeAd
  - MintegralAdSDK/BidInterstitialVideoAd (8.1.3):
    - MintegralAdSDK/BidNativeAd
    - MintegralAdSDK/InterstitialVideoAd
  - MintegralAdSDK/BidNativeAd (8.1.3):
    - MintegralAdSDK/NativeAd
  - MintegralAdSDK/BidNewInterstitialAd (8.1.3):
    - MintegralAdSDK/BidNativeAd
    - MintegralAdSDK/NewInterstitialAd
  - MintegralAdSDK/BidRewardVideoAd (8.1.3):
    - MintegralAdSDK/BidNativeAd
    - MintegralAdSDK/RewardVideoAd
  - MintegralAdSDK/InterstitialVideoAd (8.1.3):
    - MintegralAdSDK/NativeAd
  - MintegralAdSDK/NativeAd (8.1.3)
  - MintegralAdSDK/NewInterstitialAd (8.1.3):
    - MintegralAdSDK/InterstitialVideoAd
    - MintegralAdSDK/NativeAd
  - MintegralAdSDK/RewardVideoAd (8.1.3):
    - MintegralAdSDK/NativeAd
  - myTargetSDK (5.43.0):
    - myTrackerSDK (~> 3.4.2)
  - myTrackerSDK (3.4.2)
  - OMSDK_Appodeal/Static (1.6.3)
  - Protobuf (3.29.3)
  - Sentry (8.57.2):
    - Sentry/Core (= 8.57.2)
  - Sentry/Core (8.57.2)
  - StackConsentManager (4.1.0):
    - GoogleUserMessagingPlatform (~> 3.1)
  - StackModules (3.5.2):
    - StackModules/Static (= 3.5.2)
  - StackModules/Core-Static (3.5.2)
  - StackModules/ProductPresentation-Static (3.5.2):
    - StackModules/Core-Static
  - StackModules/Rendering-Static (3.5.2):
    - StackModules/Core-Static
    - StackModules/ProductPresentation-Static
  - StackModules/Static (3.5.2):
    - StackModules/Core-Static
    - StackModules/ProductPresentation-Static
    - StackModules/Rendering-Static

DEPENDENCIES:
  - Appodeal (= 4.3.0)
  - AppodealAppLovinAdapter (= 13.6.2.0)
  - AppodealAppLovinMAXAdapter (= 13.6.2.0)
  - AppodealBidMachineAdapter (= 3.7.1.0)
  - AppodealBidonAdapter (= 0.15.0.0)
  - AppodealBigoAdsAdapter (= 5.2.1.0)
  - AppodealDTExchangeAdapter (= 8.4.7.0)
  - AppodealGoogleAdMobAdapter (= 13.5.0.0)
  - AppodealIABAdapter (= 3.5.2.0)
  - AppodealInMobiAdapter (= 11.3.0.0)
  - AppodealIronSourceAdapter (= 9.4.0.0.0)
  - AppodealLevelPlayAdapter (= 9.4.0.0.0)
  - AppodealMintegralAdapter (= 8.1.3.0)
  - AppodealMyTargetAdapter (= 5.43.0.0)
  - AppodealSentryAdapter (= 8.57.2.1)

SPEC REPOS:
  https://github.com/appodeal/CocoaPods.git:
    - Appodeal
    - AppodealAppLovinAdapter
    - AppodealAppLovinMAXAdapter
    - AppodealBidMachineAdapter
    - AppodealBidonAdapter
    - AppodealBigoAdsAdapter
    - AppodealDTExchangeAdapter
    - AppodealGoogleAdMobAdapter
    - AppodealIABAdapter
    - AppodealInMobiAdapter
    - AppodealIronSourceAdapter
    - AppodealLevelPlayAdapter
    - AppodealMintegralAdapter
    - AppodealMyTargetAdapter
    - AppodealSentryAdapter
    - StackConsentManager
  https://github.com/bidon-io/CocoaPods-Specs.git:
    - Bidon
  trunk:
    - AppLovinSDK
    - BidMachine
    - BigoADS
    - Fyber_Marketplace_SDK
    - Google-Mobile-Ads-SDK
    - GoogleUserMessagingPlatform
    - InMobiSDK
    - IronSourceAdQualitySDK
    - IronSourceSDK
    - MintegralAdSDK
    - myTargetSDK
    - myTrackerSDK
    - OMSDK_Appodeal
    - Protobuf
    - Sentry
    - StackModules

SPEC CHECKSUMS:
  AppLovinSDK: 91a47db42b6c0e2b83224006aa46b0b88c62c16f
  Appodeal: 462c385787965f95428fe876d9a38e440923dcde
  AppodealAppLovinAdapter: a275ed41d20aa234bd1833f1a9820afa0341da41
  AppodealAppLovinMAXAdapter: 40f7ddd2a91839ecc707f2ca998c3ed64b515cbd
  AppodealBidMachineAdapter: bb5af4bcebb5613d4820616bf1d87ba63a16168e
  AppodealBidonAdapter: b4b91d50676f68269814a35900ebafdfe249a71c
  AppodealBigoAdsAdapter: 18ed7ad115dea36253c664dd6d2af8532f46941c
  AppodealDTExchangeAdapter: 90c9f7dc8e336632e72e364fba0a1fd7ed6f2649
  AppodealGoogleAdMobAdapter: 7730baee55a70851e614abe80febfecd950d8285
  AppodealIABAdapter: 121f2fe634aa88ff4545326cf0028e6ffebb5a8b
  AppodealInMobiAdapter: 38ead62a850319d0e1c8ee0aff8fa90fa64372d1
  AppodealIronSourceAdapter: fcda46a4abd56010683398a2cdcd471c2f79ffbc
  AppodealLevelPlayAdapter: 322452fac4e242d82c07f670a18e45a4c11f64e8
  AppodealMintegralAdapter: d9ec55b7bccb437e1d2d23005f93a249e63f9201
  AppodealMyTargetAdapter: f9ad2dd9d7cd1d2d17098f9dbe178682fcd8c26c
  AppodealSentryAdapter: e7f2b391739f1fb52a1e2704cc94a6127ad7a7a0
  BidMachine: b3eca96870e834eb74a2e9dec44f99d9b5d3b7c1
  Bidon: 78b9e311d1961a5bedea4bbe58fc3c0d55da7159
  BigoADS: b5c96a23ba4262fcafb71801f77785fc50efecf8
  Fyber_Marketplace_SDK: 1a880b530921ddf07a74982e163ab56eaf90e932
  Google-Mobile-Ads-SDK: 2171620c6497804b57dc88b95644cc82e7dfb5b0
  GoogleUserMessagingPlatform: befe603da6501006420c206222acd449bba45a9c
  InMobiSDK: a25c208dcc6fc6d9b228f34a4643712f37923208
  IronSourceAdQualitySDK: 7414cf810bdfbc67c3d58536469a923a3a452ac5
  IronSourceSDK: 8112211f22915d2633a2a152d327b184fe80bf05
  MintegralAdSDK: 0858525ba50c372960c98cd0151921d69907d08d
  myTargetSDK: c4b8bfdd7c574fb83a67e722dc7d946bf116bf9a
  myTrackerSDK: 1067f589db77b5374bf39d1e306667a455fa767e
  OMSDK_Appodeal: e76e5c30dfd3081621a8cd393c45219edc84f1f2
  Protobuf: e2de96d939c642ce8da186343ff8929b35223212
  Sentry: 83a3814c3ca042874b39c5c5bdffb6570d4d760e
  StackConsentManager: 6b884ea33ff3858eafd1b949851b4f56c84ca1ad
  StackModules: af0e76eb5e6ef5d5a9f5963efc899359157a0a98

PODFILE CHECKSUM: 9f6f96e5cb5cfcbcd36a2dfad87d526b076b0f39

COCOAPODS: 1.16.2
