// !$*UTF8*$!
{
	archiveVersion = 1;
	classes = {
	};
	objectVersion = 77;
	objects = {

/* Begin PBXBuildFile section */
		4FD8821AD308B1549ACB80D7 /* Pods_AbcGameTests.framework in Frameworks */ = {isa = PBXBuildFile; fileRef = CE873D0ABED408DA04A7BA0F /* Pods_AbcGameTests.framework */; };
		6F74048CE23238E64024CDB0 /* Pods_AbcGame_AbcGameUITests.framework in Frameworks */ = {isa = PBXBuildFile; fileRef = 984F8F9A9391664823F61E89 /* Pods_AbcGame_AbcGameUITests.framework */; };
		8FD59DD915CEA27982EB9347 /* Pods_AbcGame.framework in Frameworks */ = {isa = PBXBuildFile; fileRef = E03ED735C66B1824BA4742A8 /* Pods_AbcGame.framework */; };
/* End PBXBuildFile section */

/* Begin PBXContainerItemProxy section */
		8DEB03C0302F6AE900FECF12 /* PBXContainerItemProxy */ = {
			isa = PBXContainerItemProxy;
			containerPortal = 8DEB03A1302F6AE200FECF12 /* Project object */;
			proxyType = 1;
			remoteGlobalIDString = 8DEB03A8302F6AE200FECF12;
			remoteInfo = AbcGame;
		};
		8DEB03CA302F6AE900FECF12 /* PBXContainerItemProxy */ = {
			isa = PBXContainerItemProxy;
			containerPortal = 8DEB03A1302F6AE200FECF12 /* Project object */;
			proxyType = 1;
			remoteGlobalIDString = 8DEB03A8302F6AE200FECF12;
			remoteInfo = AbcGame;
		};
/* End PBXContainerItemProxy section */

/* Begin PBXFileReference section */
		0598B4E749802FA075E86D70 /* Pods-AbcGameTests.debug.xcconfig */ = {isa = PBXFileReference; includeInIndex = 1; lastKnownFileType = text.xcconfig; name = "Pods-AbcGameTests.debug.xcconfig"; path = "Target Support Files/Pods-AbcGameTests/Pods-AbcGameTests.debug.xcconfig"; sourceTree = "<group>"; };
		4EB27CA1E03E506B72E1C956 /* Pods-AbcGame-AbcGameUITests.release.xcconfig */ = {isa = PBXFileReference; includeInIndex = 1; lastKnownFileType = text.xcconfig; name = "Pods-AbcGame-AbcGameUITests.release.xcconfig"; path = "Target Support Files/Pods-AbcGame-AbcGameUITests/Pods-AbcGame-AbcGameUITests.release.xcconfig"; sourceTree = "<group>"; };
		730A0C3F4F3A3C34FF091134 /* Pods-AbcGame-AbcGameUITests.debug.xcconfig */ = {isa = PBXFileReference; includeInIndex = 1; lastKnownFileType = text.xcconfig; name = "Pods-AbcGame-AbcGameUITests.debug.xcconfig"; path = "Target Support Files/Pods-AbcGame-AbcGameUITests/Pods-AbcGame-AbcGameUITests.debug.xcconfig"; sourceTree = "<group>"; };
		8DEB03A9302F6AE200FECF12 /* AbcGame.app */ = {isa = PBXFileReference; explicitFileType = wrapper.application; includeInIndex = 0; path = AbcGame.app; sourceTree = BUILT_PRODUCTS_DIR; };
		8DEB03BF302F6AE900FECF12 /* AbcGameTests.xctest */ = {isa = PBXFileReference; explicitFileType = wrapper.cfbundle; includeInIndex = 0; path = AbcGameTests.xctest; sourceTree = BUILT_PRODUCTS_DIR; };
		8DEB03C9302F6AE900FECF12 /* AbcGameUITests.xctest */ = {isa = PBXFileReference; explicitFileType = wrapper.cfbundle; includeInIndex = 0; path = AbcGameUITests.xctest; sourceTree = BUILT_PRODUCTS_DIR; };
		984F8F9A9391664823F61E89 /* Pods_AbcGame_AbcGameUITests.framework */ = {isa = PBXFileReference; explicitFileType = wrapper.framework; includeInIndex = 0; path = Pods_AbcGame_AbcGameUITests.framework; sourceTree = BUILT_PRODUCTS_DIR; };
		B65385F6A9197D32A07DE8B9 /* Pods-AbcGameTests.release.xcconfig */ = {isa = PBXFileReference; includeInIndex = 1; lastKnownFileType = text.xcconfig; name = "Pods-AbcGameTests.release.xcconfig"; path = "Target Support Files/Pods-AbcGameTests/Pods-AbcGameTests.release.xcconfig"; sourceTree = "<group>"; };
		C4070D466D6D213012B7B0A7 /* Pods-AbcGame.debug.xcconfig */ = {isa = PBXFileReference; includeInIndex = 1; lastKnownFileType = text.xcconfig; name = "Pods-AbcGame.debug.xcconfig"; path = "Target Support Files/Pods-AbcGame/Pods-AbcGame.debug.xcconfig"; sourceTree = "<group>"; };
		CE873D0ABED408DA04A7BA0F /* Pods_AbcGameTests.framework */ = {isa = PBXFileReference; explicitFileType = wrapper.framework; includeInIndex = 0; path = Pods_AbcGameTests.framework; sourceTree = BUILT_PRODUCTS_DIR; };
		E03ED735C66B1824BA4742A8 /* Pods_AbcGame.framework */ = {isa = PBXFileReference; explicitFileType = wrapper.framework; includeInIndex = 0; path = Pods_AbcGame.framework; sourceTree = BUILT_PRODUCTS_DIR; };
		F981259EC53F343EEDD558ED /* Pods-AbcGame.release.xcconfig */ = {isa = PBXFileReference; includeInIndex = 1; lastKnownFileType = text.xcconfig; name = "Pods-AbcGame.release.xcconfig"; path = "Target Support Files/Pods-AbcGame/Pods-AbcGame.release.xcconfig"; sourceTree = "<group>"; };
/* End PBXFileReference section */

/* Begin PBXFileSystemSynchronizedBuildFileExceptionSet section */
		8DEB03D1302F6AE900FECF12 /* Exceptions for "AbcGame" folder in "AbcGame" target */ = {
			isa = PBXFileSystemSynchronizedBuildFileExceptionSet;
			membershipExceptions = (
				Info.plist,
			);
			target = 8DEB03A8302F6AE200FECF12 /* AbcGame */;
		};
/* End PBXFileSystemSynchronizedBuildFileExceptionSet section */

/* Begin PBXFileSystemSynchronizedRootGroup section */
		8DEB03AB302F6AE200FECF12 /* AbcGame */ = {
			isa = PBXFileSystemSynchronizedRootGroup;
			exceptions = (
				8DEB03D1302F6AE900FECF12 /* Exceptions for "AbcGame" folder in "AbcGame" target */,
			);
			path = AbcGame;
			sourceTree = "<group>";
		};
		8DEB03C2302F6AE900FECF12 /* AbcGameTests */ = {
			isa = PBXFileSystemSynchronizedRootGroup;
			exceptions = (
			);
			path = AbcGameTests;
			sourceTree = "<group>";
		};
		8DEB03CC302F6AE900FECF12 /* AbcGameUITests */ = {
			isa = PBXFileSystemSynchronizedRootGroup;
			exceptions = (
			);
			path = AbcGameUITests;
			sourceTree = "<group>";
		};
/* End PBXFileSystemSynchronizedRootGroup section */

/* Begin PBXFrameworksBuildPhase section */
		8DEB03A6302F6AE200FECF12 /* Frameworks */ = {
			isa = PBXFrameworksBuildPhase;
			buildActionMask = 2147483647;
			files = (
				8FD59DD915CEA27982EB9347 /* Pods_AbcGame.framework in Frameworks */,
			);
			runOnlyForDeploymentPostprocessing = 0;
		};
		8DEB03BC302F6AE900FECF12 /* Frameworks */ = {
			isa = PBXFrameworksBuildPhase;
			buildActionMask = 2147483647;
			files = (
				4FD8821AD308B1549ACB80D7 /* Pods_AbcGameTests.framework in Frameworks */,
			);
			runOnlyForDeploymentPostprocessing = 0;
		};
		8DEB03C6302F6AE900FECF12 /* Frameworks */ = {
			isa = PBXFrameworksBuildPhase;
			buildActionMask = 2147483647;
			files = (
				6F74048CE23238E64024CDB0 /* Pods_AbcGame_AbcGameUITests.framework in Frameworks */,
			);
			runOnlyForDeploymentPostprocessing = 0;
		};
/* End PBXFrameworksBuildPhase section */

/* Begin PBXGroup section */
		278E519A4ADF899796841F06 /* Frameworks */ = {
			isa = PBXGroup;
			children = (
				E03ED735C66B1824BA4742A8 /* Pods_AbcGame.framework */,
				984F8F9A9391664823F61E89 /* Pods_AbcGame_AbcGameUITests.framework */,
				CE873D0ABED408DA04A7BA0F /* Pods_AbcGameTests.framework */,
			);
			name = Frameworks;
			sourceTree = "<group>";
		};
		7229C7194E2275119840109E /* Pods */ = {
			isa = PBXGroup;
			children = (
				C4070D466D6D213012B7B0A7 /* Pods-AbcGame.debug.xcconfig */,
				F981259EC53F343EEDD558ED /* Pods-AbcGame.release.xcconfig */,
				730A0C3F4F3A3C34FF091134 /* Pods-AbcGame-AbcGameUITests.debug.xcconfig */,
				4EB27CA1E03E506B72E1C956 /* Pods-AbcGame-AbcGameUITests.release.xcconfig */,
				0598B4E749802FA075E86D70 /* Pods-AbcGameTests.debug.xcconfig */,
				B65385F6A9197D32A07DE8B9 /* Pods-AbcGameTests.release.xcconfig */,
			);
			path = Pods;
			sourceTree = "<group>";
		};
		8DEB03A0302F6AE200FECF12 = {
			isa = PBXGroup;
			children = (
				8DEB03AB302F6AE200FECF12 /* AbcGame */,
				8DEB03C2302F6AE900FECF12 /* AbcGameTests */,
				8DEB03CC302F6AE900FECF12 /* AbcGameUITests */,
				8DEB03AA302F6AE200FECF12 /* Products */,
				7229C7194E2275119840109E /* Pods */,
				278E519A4ADF899796841F06 /* Frameworks */,
			);
			sourceTree = "<group>";
		};
		8DEB03AA302F6AE200FECF12 /* Products */ = {
			isa = PBXGroup;
			children = (
				8DEB03A9302F6AE200FECF12 /* AbcGame.app */,
				8DEB03BF302F6AE900FECF12 /* AbcGameTests.xctest */,
				8DEB03C9302F6AE900FECF12 /* AbcGameUITests.xctest */,
			);
			name = Products;
			sourceTree = "<group>";
		};
/* End PBXGroup section */

/* Begin PBXNativeTarget section */
		8DEB03A8302F6AE200FECF12 /* AbcGame */ = {
			isa = PBXNativeTarget;
			buildConfigurationList = 8DEB03D2302F6AE900FECF12 /* Build configuration list for PBXNativeTarget "AbcGame" */;
			buildPhases = (
				813B0FA0EDA2AFB4ABC2D801 /* [CP] Check Pods Manifest.lock */,
				8DEB03A5302F6AE200FECF12 /* Sources */,
				8DEB03A6302F6AE200FECF12 /* Frameworks */,
				8DEB03A7302F6AE200FECF12 /* Resources */,
				3D7EC5FE3EFA95A48BC36322 /* [CP] Embed Pods Frameworks */,
				56BE9BBD51AB30CD000B5AC6 /* [CP] Copy Pods Resources */,
			);
			buildRules = (
			);
			dependencies = (
			);
			fileSystemSynchronizedGroups = (
				8DEB03AB302F6AE200FECF12 /* AbcGame */,
			);
			name = AbcGame;
			productName = AbcGame;
			productReference = 8DEB03A9302F6AE200FECF12 /* AbcGame.app */;
			productType = "com.apple.product-type.application";
		};
		8DEB03BE302F6AE900FECF12 /* AbcGameTests */ = {
			isa = PBXNativeTarget;
			buildConfigurationList = 8DEB03D7302F6AEA00FECF12 /* Build configuration list for PBXNativeTarget "AbcGameTests" */;
			buildPhases = (
				895F780A9A20584B17926345 /* [CP] Check Pods Manifest.lock */,
				8DEB03BB302F6AE900FECF12 /* Sources */,
				8DEB03BC302F6AE900FECF12 /* Frameworks */,
				8DEB03BD302F6AE900FECF12 /* Resources */,
			);
			buildRules = (
			);
			dependencies = (
				8DEB03C1302F6AE900FECF12 /* PBXTargetDependency */,
			);
			fileSystemSynchronizedGroups = (
				8DEB03C2302F6AE900FECF12 /* AbcGameTests */,
			);
			name = AbcGameTests;
			productName = AbcGameTests;
			productReference = 8DEB03BF302F6AE900FECF12 /* AbcGameTests.xctest */;
			productType = "com.apple.product-type.bundle.unit-test";
		};
		8DEB03C8302F6AE900FECF12 /* AbcGameUITests */ = {
			isa = PBXNativeTarget;
			buildConfigurationList = 8DEB03DA302F6AEA00FECF12 /* Build configuration list for PBXNativeTarget "AbcGameUITests" */;
			buildPhases = (
				C68B494AB90E751A6FBBD50E /* [CP] Check Pods Manifest.lock */,
				8DEB03C5302F6AE900FECF12 /* Sources */,
				8DEB03C6302F6AE900FECF12 /* Frameworks */,
				8DEB03C7302F6AE900FECF12 /* Resources */,
				838B13FE7AFD81F7F85632CA /* [CP] Embed Pods Frameworks */,
				22EBEA1060D8FF3F29D6A76C /* [CP] Copy Pods Resources */,
			);
			buildRules = (
			);
			dependencies = (
				8DEB03CB302F6AE900FECF12 /* PBXTargetDependency */,
			);
			fileSystemSynchronizedGroups = (
				8DEB03CC302F6AE900FECF12 /* AbcGameUITests */,
			);
			name = AbcGameUITests;
			productName = AbcGameUITests;
			productReference = 8DEB03C9302F6AE900FECF12 /* AbcGameUITests.xctest */;
			productType = "com.apple.product-type.bundle.ui-testing";
		};
/* End PBXNativeTarget section */

/* Begin PBXProject section */
		8DEB03A1302F6AE200FECF12 /* Project object */ = {
			isa = PBXProject;
			attributes = {
				BuildIndependentTargetsInParallel = 1;
				LastSwiftUpdateCheck = 1640;
				LastUpgradeCheck = 1640;
				TargetAttributes = {
					8DEB03A8302F6AE200FECF12 = {
						CreatedOnToolsVersion = 16.4;
					};
					8DEB03BE302F6AE900FECF12 = {
						CreatedOnToolsVersion = 16.4;
						TestTargetID = 8DEB03A8302F6AE200FECF12;
					};
					8DEB03C8302F6AE900FECF12 = {
						CreatedOnToolsVersion = 16.4;
						TestTargetID = 8DEB03A8302F6AE200FECF12;
					};
				};
			};
			buildConfigurationList = 8DEB03A4302F6AE200FECF12 /* Build configuration list for PBXProject "AbcGame" */;
			developmentRegion = en;
			hasScannedForEncodings = 0;
			knownRegions = (
				en,
				Base,
			);
			mainGroup = 8DEB03A0302F6AE200FECF12;
			minimizedProjectReferenceProxies = 1;
			preferredProjectObjectVersion = 77;
			productRefGroup = 8DEB03AA302F6AE200FECF12 /* Products */;
			projectDirPath = "";
			projectRoot = "";
			targets = (
				8DEB03A8302F6AE200FECF12 /* AbcGame */,
				8DEB03BE302F6AE900FECF12 /* AbcGameTests */,
				8DEB03C8302F6AE900FECF12 /* AbcGameUITests */,
			);
		};
/* End PBXProject section */

/* Begin PBXResourcesBuildPhase section */
		8DEB03A7302F6AE200FECF12 /* Resources */ = {
			isa = PBXResourcesBuildPhase;
			buildActionMask = 2147483647;
			files = (
			);
			runOnlyForDeploymentPostprocessing = 0;
		};
		8DEB03BD302F6AE900FECF12 /* Resources */ = {
			isa = PBXResourcesBuildPhase;
			buildActionMask = 2147483647;
			files = (
			);
			runOnlyForDeploymentPostprocessing = 0;
		};
		8DEB03C7302F6AE900FECF12 /* Resources */ = {
			isa = PBXResourcesBuildPhase;
			buildActionMask = 2147483647;
			files = (
			);
			runOnlyForDeploymentPostprocessing = 0;
		};
/* End PBXResourcesBuildPhase section */

/* Begin PBXShellScriptBuildPhase section */
		22EBEA1060D8FF3F29D6A76C /* [CP] Copy Pods Resources */ = {
			isa = PBXShellScriptBuildPhase;
			buildActionMask = 2147483647;
			files = (
			);
			inputFileListPaths = (
				"${PODS_ROOT}/Target Support Files/Pods-AbcGame-AbcGameUITests/Pods-AbcGame-AbcGameUITests-resources-${CONFIGURATION}-input-files.xcfilelist",
			);
			name = "[CP] Copy Pods Resources";
			outputFileListPaths = (
				"${PODS_ROOT}/Target Support Files/Pods-AbcGame-AbcGameUITests/Pods-AbcGame-AbcGameUITests-resources-${CONFIGURATION}-output-files.xcfilelist",
			);
			runOnlyForDeploymentPostprocessing = 0;
			shellPath = /bin/sh;
			shellScript = "\"${PODS_ROOT}/Target Support Files/Pods-AbcGame-AbcGameUITests/Pods-AbcGame-AbcGameUITests-resources.sh\"\n";
			showEnvVarsInLog = 0;
		};
		3D7EC5FE3EFA95A48BC36322 /* [CP] Embed Pods Frameworks */ = {
			isa = PBXShellScriptBuildPhase;
			buildActionMask = 2147483647;
			files = (
			);
			inputFileListPaths = (
				"${PODS_ROOT}/Target Support Files/Pods-AbcGame/Pods-AbcGame-frameworks-${CONFIGURATION}-input-files.xcfilelist",
			);
			name = "[CP] Embed Pods Frameworks";
			outputFileListPaths = (
				"${PODS_ROOT}/Target Support Files/Pods-AbcGame/Pods-AbcGame-frameworks-${CONFIGURATION}-output-files.xcfilelist",
			);
			runOnlyForDeploymentPostprocessing = 0;
			shellPath = /bin/sh;
			shellScript = "\"${PODS_ROOT}/Target Support Files/Pods-AbcGame/Pods-AbcGame-frameworks.sh\"\n";
			showEnvVarsInLog = 0;
		};
		56BE9BBD51AB30CD000B5AC6 /* [CP] Copy Pods Resources */ = {
			isa = PBXShellScriptBuildPhase;
			buildActionMask = 2147483647;
			files = (
			);
			inputFileListPaths = (
				"${PODS_ROOT}/Target Support Files/Pods-AbcGame/Pods-AbcGame-resources-${CONFIGURATION}-input-files.xcfilelist",
			);
			name = "[CP] Copy Pods Resources";
			outputFileListPaths = (
				"${PODS_ROOT}/Target Support Files/Pods-AbcGame/Pods-AbcGame-resources-${CONFIGURATION}-output-files.xcfilelist",
			);
			runOnlyForDeploymentPostprocessing = 0;
			shellPath = /bin/sh;
			shellScript = "\"${PODS_ROOT}/Target Support Files/Pods-AbcGame/Pods-AbcGame-resources.sh\"\n";
			showEnvVarsInLog = 0;
		};
		813B0FA0EDA2AFB4ABC2D801 /* [CP] Check Pods Manifest.lock */ = {
			isa = PBXShellScriptBuildPhase;
			buildActionMask = 2147483647;
			files = (
			);
			inputFileListPaths = (
			);
			inputPaths = (
				"${PODS_PODFILE_DIR_PATH}/Podfile.lock",
				"${PODS_ROOT}/Manifest.lock",
			);
			name = "[CP] Check Pods Manifest.lock";
			outputFileListPaths = (
			);
			outputPaths = (
				"$(DERIVED_FILE_DIR)/Pods-AbcGame-checkManifestLockResult.txt",
			);
			runOnlyForDeploymentPostprocessing = 0;
			shellPath = /bin/sh;
			shellScript = "diff \"${PODS_PODFILE_DIR_PATH}/Podfile.lock\" \"${PODS_ROOT}/Manifest.lock\" > /dev/null\nif [ $? != 0 ] ; then\n    # print error to STDERR\n    echo \"error: The sandbox is not in sync with the Podfile.lock. Run 'pod install' or update your CocoaPods installation.\" >&2\n    exit 1\nfi\n# This output is used by Xcode 'outputs' to avoid re-running this script phase.\necho \"SUCCESS\" > \"${SCRIPT_OUTPUT_FILE_0}\"\n";
			showEnvVarsInLog = 0;
		};
		838B13FE7AFD81F7F85632CA /* [CP] Embed Pods Frameworks */ = {
			isa = PBXShellScriptBuildPhase;
			buildActionMask = 2147483647;
			files = (
			);
			inputFileListPaths = (
				"${PODS_ROOT}/Target Support Files/Pods-AbcGame-AbcGameUITests/Pods-AbcGame-AbcGameUITests-frameworks-${CONFIGURATION}-input-files.xcfilelist",
			);
			name = "[CP] Embed Pods Frameworks";
			outputFileListPaths = (
				"${PODS_ROOT}/Target Support Files/Pods-AbcGame-AbcGameUITests/Pods-AbcGame-AbcGameUITests-frameworks-${CONFIGURATION}-output-files.xcfilelist",
			);
			runOnlyForDeploymentPostprocessing = 0;
			shellPath = /bin/sh;
			shellScript = "\"${PODS_ROOT}/Target Support Files/Pods-AbcGame-AbcGameUITests/Pods-AbcGame-AbcGameUITests-frameworks.sh\"\n";
			showEnvVarsInLog = 0;
		};
		895F780A9A20584B17926345 /* [CP] Check Pods Manifest.lock */ = {
			isa = PBXShellScriptBuildPhase;
			buildActionMask = 2147483647;
			files = (
			);
			inputFileListPaths = (
			);
			inputPaths = (
				"${PODS_PODFILE_DIR_PATH}/Podfile.lock",
				"${PODS_ROOT}/Manifest.lock",
			);
			name = "[CP] Check Pods Manifest.lock";
			outputFileListPaths = (
			);
			outputPaths = (
				"$(DERIVED_FILE_DIR)/Pods-AbcGameTests-checkManifestLockResult.txt",
			);
			runOnlyForDeploymentPostprocessing = 0;
			shellPath = /bin/sh;
			shellScript = "diff \"${PODS_PODFILE_DIR_PATH}/Podfile.lock\" \"${PODS_ROOT}/Manifest.lock\" > /dev/null\nif [ $? != 0 ] ; then\n    # print error to STDERR\n    echo \"error: The sandbox is not in sync with the Podfile.lock. Run 'pod install' or update your CocoaPods installation.\" >&2\n    exit 1\nfi\n# This output is used by Xcode 'outputs' to avoid re-running this script phase.\necho \"SUCCESS\" > \"${SCRIPT_OUTPUT_FILE_0}\"\n";
			showEnvVarsInLog = 0;
		};
		C68B494AB90E751A6FBBD50E /* [CP] Check Pods Manifest.lock */ = {
			isa = PBXShellScriptBuildPhase;
			buildActionMask = 2147483647;
			files = (
			);
			inputFileListPaths = (
			);
			inputPaths = (
				"${PODS_PODFILE_DIR_PATH}/Podfile.lock",
				"${PODS_ROOT}/Manifest.lock",
			);
			name = "[CP] Check Pods Manifest.lock";
			outputFileListPaths = (
			);
			outputPaths = (
				"$(DERIVED_FILE_DIR)/Pods-AbcGame-AbcGameUITests-checkManifestLockResult.txt",
			);
			runOnlyForDeploymentPostprocessing = 0;
			shellPath = /bin/sh;
			shellScript = "diff \"${PODS_PODFILE_DIR_PATH}/Podfile.lock\" \"${PODS_ROOT}/Manifest.lock\" > /dev/null\nif [ $? != 0 ] ; then\n    # print error to STDERR\n    echo \"error: The sandbox is not in sync with the Podfile.lock. Run 'pod install' or update your CocoaPods installation.\" >&2\n    exit 1\nfi\n# This output is used by Xcode 'outputs' to avoid re-running this script phase.\necho \"SUCCESS\" > \"${SCRIPT_OUTPUT_FILE_0}\"\n";
			showEnvVarsInLog = 0;
		};
/* End PBXShellScriptBuildPhase section */

/* Begin PBXSourcesBuildPhase section */
		8DEB03A5302F6AE200FECF12 /* Sources */ = {
			isa = PBXSourcesBuildPhase;
			buildActionMask = 2147483647;
			files = (
			);
			runOnlyForDeploymentPostprocessing = 0;
		};
		8DEB03BB302F6AE900FECF12 /* Sources */ = {
			isa = PBXSourcesBuildPhase;
			buildActionMask = 2147483647;
			files = (
			);
			runOnlyForDeploymentPostprocessing = 0;
		};
		8DEB03C5302F6AE900FECF12 /* Sources */ = {
			isa = PBXSourcesBuildPhase;
			buildActionMask = 2147483647;
			files = (
			);
			runOnlyForDeploymentPostprocessing = 0;
		};
/* End PBXSourcesBuildPhase section */

/* Begin PBXTargetDependency section */
		8DEB03C1302F6AE900FECF12 /* PBXTargetDependency */ = {
			isa = PBXTargetDependency;
			target = 8DEB03A8302F6AE200FECF12 /* AbcGame */;
			targetProxy = 8DEB03C0302F6AE900FECF12 /* PBXContainerItemProxy */;
		};
		8DEB03CB302F6AE900FECF12 /* PBXTargetDependency */ = {
			isa = PBXTargetDependency;
			target = 8DEB03A8302F6AE200FECF12 /* AbcGame */;
			targetProxy = 8DEB03CA302F6AE900FECF12 /* PBXContainerItemProxy */;
		};
/* End PBXTargetDependency section */

/* Begin XCBuildConfiguration section */
		8DEB03D3302F6AE900FECF12 /* Debug */ = {
			isa = XCBuildConfiguration;
			baseConfigurationReference = C4070D466D6D213012B7B0A7 /* Pods-AbcGame.debug.xcconfig */;
			buildSettings = {
				ASSETCATALOG_COMPILER_APPICON_NAME = AppIcon;
				ASSETCATALOG_COMPILER_GLOBAL_ACCENT_COLOR_NAME = AccentColor;
				CODE_SIGN_IDENTITY = "Apple Development";
				CODE_SIGN_STYLE = Automatic;
				CURRENT_PROJECT_VERSION = 1;
				DEVELOPMENT_TEAM = 8KNMV3DJ4V;
				ENABLE_USER_SCRIPT_SANDBOXING = NO;
				GENERATE_INFOPLIST_FILE = YES;
				INFOPLIST_FILE = AbcGame/Info.plist;
				INFOPLIST_KEY_LSApplicationCategoryType = "public.app-category.games";
				INFOPLIST_KEY_NSCalendarsUsageDescription = "Abc Master  needs your calendar to provide personalised advertising experience tailored to you";
				INFOPLIST_KEY_NSLocationWhenInUseUsageDescription = "Abc Master needs your location for analytics and advertising purposes";
				INFOPLIST_KEY_NSUserTrackingUsageDescription = "Abc Master  needs your advertising identifier to provide personalised advertising experience tailored to you";
				INFOPLIST_KEY_UIApplicationSupportsIndirectInputEvents = YES;
				INFOPLIST_KEY_UILaunchStoryboardName = LaunchScreen;
				INFOPLIST_KEY_UIMainStoryboardFile = Main;
				INFOPLIST_KEY_UISupportedInterfaceOrientations_iPad = "UIInterfaceOrientationPortrait UIInterfaceOrientationPortraitUpsideDown UIInterfaceOrientationLandscapeLeft UIInterfaceOrientationLandscapeRight";
				INFOPLIST_KEY_UISupportedInterfaceOrientations_iPhone = "UIInterfaceOrientationPortrait UIInterfaceOrientationLandscapeLeft UIInterfaceOrientationLandscapeRight";
				IPHONEOS_DEPLOYMENT_TARGET = 15;
				LD_RUNPATH_SEARCH_PATHS = (
					"$(inherited)",
					"@executable_path/Frameworks",
				);
				MARKETING_VERSION = 1.0;
				OTHER_LDFLAGS = (
					"$(inherited)",
					"-ObjC",
					"-l\"ObjC\"",
					"-l\"sqlite3\"",
					"-l\"z\"",
					"-framework",
					"\"AVFoundation\"",
					"-framework",
					"\"AdSupport\"",
					"-framework",
					"\"AppLovinSDK\"",
					"-framework",
					"\"Appodeal\"",
					"-framework",
					"\"AppodealMediationCore\"",
					"-framework",
					"\"AudioToolbox\"",
					"-framework",
					"\"CFNetwork\"",
					"-framework",
					"\"CoreGraphics\"",
					"-framework",
					"\"CoreHaptics\"",
					"-framework",
					"\"CoreLocation\"",
					"-framework",
					"\"CoreMedia\"",
					"-framework",
					"\"CoreMotion\"",
					"-framework",
					"\"CoreTelephony\"",
					"-framework",
					"\"CoreVideo\"",
					"-framework",
					"\"GoogleMobileAds\"",
					"-framework",
					"\"Google_Mobile_Ads_SDK\"",
					"-framework",
					"\"ImageIO\"",
					"-framework",
					"\"JavaScriptCore\"",
					"-framework",
					"\"MediaPlayer\"",
					"-framework",
					"\"MessageUI\"",
					"-framework",
					"\"MobileCoreServices\"",
					"-framework",
					"\"Network\"",
					"-framework",
					"\"Protobuf\"",
					"-framework",
					"\"QuartzCore\"",
					"-framework",
					"\"SafariServices\"",
					"-framework",
					"\"Security\"",
					"-framework",
					"\"StackConsentManager\"",
					"-framework",
					"\"StackModules\"",
					"-framework",
					"\"StackProductPresentation\"",
					"-framework",
					"\"StackRendering\"",
					"-framework",
					"\"StoreKit\"",
					"-framework",
					"\"SystemConfiguration\"",
					"-framework",
					"\"UIKit\"",
					"-framework",
					"\"UserMessagingPlatform\"",
					"-framework",
					"\"WebKit\"",
					"-weak_framework",
					"\"AdSupport\"",
					"-weak_framework",
					"\"AppTrackingTransparency\"",
					"-weak_framework",
					"\"JavaScriptCore\"",
					"-weak_framework",
					"\"SafariServices\"",
					"-weak_framework",
					"\"WebKit\"",
				);
				PRODUCT_BUNDLE_IDENTIFIER = com.jamil.alquran;
				PRODUCT_NAME = "$(TARGET_NAME)";
				PROVISIONING_PROFILE_SPECIFIER = "";
				SWIFT_EMIT_LOC_STRINGS = YES;
				SWIFT_VERSION = 5.0;
				TARGETED_DEVICE_FAMILY = "1,2";
			};
			name = Debug;
		};
		8DEB03D4302F6AE900FECF12 /* Release */ = {
			isa = XCBuildConfiguration;
			baseConfigurationReference = F981259EC53F343EEDD558ED /* Pods-AbcGame.release.xcconfig */;
			buildSettings = {
				ASSETCATALOG_COMPILER_APPICON_NAME = AppIcon;
				ASSETCATALOG_COMPILER_GLOBAL_ACCENT_COLOR_NAME = AccentColor;
				CODE_SIGN_IDENTITY = "Apple Development";
				CODE_SIGN_STYLE = Automatic;
				CURRENT_PROJECT_VERSION = 1;
				DEVELOPMENT_TEAM = 8KNMV3DJ4V;
				ENABLE_USER_SCRIPT_SANDBOXING = NO;
				GENERATE_INFOPLIST_FILE = YES;
				INFOPLIST_FILE = AbcGame/Info.plist;
				INFOPLIST_KEY_LSApplicationCategoryType = "public.app-category.games";
				INFOPLIST_KEY_NSCalendarsUsageDescription = "Abc Master  needs your calendar to provide personalised advertising experience tailored to you";
				INFOPLIST_KEY_NSLocationWhenInUseUsageDescription = "Abc Master needs your location for analytics and advertising purposes";
				INFOPLIST_KEY_NSUserTrackingUsageDescription = "Abc Master  needs your advertising identifier to provide personalised advertising experience tailored to you";
				INFOPLIST_KEY_UIApplicationSupportsIndirectInputEvents = YES;
				INFOPLIST_KEY_UILaunchStoryboardName = LaunchScreen;
				INFOPLIST_KEY_UIMainStoryboardFile = Main;
				INFOPLIST_KEY_UISupportedInterfaceOrientations_iPad = "UIInterfaceOrientationPortrait UIInterfaceOrientationPortraitUpsideDown UIInterfaceOrientationLandscapeLeft UIInterfaceOrientationLandscapeRight";
				INFOPLIST_KEY_UISupportedInterfaceOrientations_iPhone = "UIInterfaceOrientationPortrait UIInterfaceOrientationLandscapeLeft UIInterfaceOrientationLandscapeRight";
				IPHONEOS_DEPLOYMENT_TARGET = 15;
				LD_RUNPATH_SEARCH_PATHS = (
					"$(inherited)",
					"@executable_path/Frameworks",
				);
				MARKETING_VERSION = 1.0;
				OTHER_LDFLAGS = (
					"$(inherited)",
					"-ObjC",
					"-l\"ObjC\"",
					"-l\"sqlite3\"",
					"-l\"z\"",
					"-framework",
					"\"AVFoundation\"",
					"-framework",
					"\"AdSupport\"",
					"-framework",
					"\"AppLovinSDK\"",
					"-framework",
					"\"Appodeal\"",
					"-framework",
					"\"AppodealMediationCore\"",
					"-framework",
					"\"AudioToolbox\"",
					"-framework",
					"\"CFNetwork\"",
					"-framework",
					"\"CoreGraphics\"",
					"-framework",
					"\"CoreHaptics\"",
					"-framework",
					"\"CoreLocation\"",
					"-framework",
					"\"CoreMedia\"",
					"-framework",
					"\"CoreMotion\"",
					"-framework",
					"\"CoreTelephony\"",
					"-framework",
					"\"CoreVideo\"",
					"-framework",
					"\"GoogleMobileAds\"",
					"-framework",
					"\"Google_Mobile_Ads_SDK\"",
					"-framework",
					"\"ImageIO\"",
					"-framework",
					"\"JavaScriptCore\"",
					"-framework",
					"\"MediaPlayer\"",
					"-framework",
					"\"MessageUI\"",
					"-framework",
					"\"MobileCoreServices\"",
					"-framework",
					"\"Network\"",
					"-framework",
					"\"Protobuf\"",
					"-framework",
					"\"QuartzCore\"",
					"-framework",
					"\"SafariServices\"",
					"-framework",
					"\"Security\"",
					"-framework",
					"\"StackConsentManager\"",
					"-framework",
					"\"StackModules\"",
					"-framework",
					"\"StackProductPresentation\"",
					"-framework",
					"\"StackRendering\"",
					"-framework",
					"\"StoreKit\"",
					"-framework",
					"\"SystemConfiguration\"",
					"-framework",
					"\"UIKit\"",
					"-framework",
					"\"UserMessagingPlatform\"",
					"-framework",
					"\"WebKit\"",
					"-weak_framework",
					"\"AdSupport\"",
					"-weak_framework",
					"\"AppTrackingTransparency\"",
					"-weak_framework",
					"\"JavaScriptCore\"",
					"-weak_framework",
					"\"SafariServices\"",
					"-weak_framework",
					"\"WebKit\"",
				);
				PRODUCT_BUNDLE_IDENTIFIER = com.jamil.alquran;
				PRODUCT_NAME = "$(TARGET_NAME)";
				PROVISIONING_PROFILE_SPECIFIER = "";
				SWIFT_EMIT_LOC_STRINGS = YES;
				SWIFT_VERSION = 5.0;
				TARGETED_DEVICE_FAMILY = "1,2";
			};
			name = Release;
		};
		8DEB03D5302F6AEA00FECF12 /* Debug */ = {
			isa = XCBuildConfiguration;
			buildSettings = {
				ALWAYS_SEARCH_USER_PATHS = NO;
				ASSETCATALOG_COMPILER_GENERATE_SWIFT_ASSET_SYMBOL_EXTENSIONS = YES;
				CLANG_ANALYZER_NONNULL = YES;
				CLANG_ANALYZER_NUMBER_OBJECT_CONVERSION = YES_AGGRESSIVE;
				CLANG_CXX_LANGUAGE_STANDARD = "gnu++20";
				CLANG_ENABLE_MODULES = YES;
				CLANG_ENABLE_OBJC_ARC = YES;
				CLANG_ENABLE_OBJC_WEAK = YES;
				CLANG_WARN_BLOCK_CAPTURE_AUTORELEASING = YES;
				CLANG_WARN_BOOL_CONVERSION = YES;
				CLANG_WARN_COMMA = YES;
				CLANG_WARN_CONSTANT_CONVERSION = YES;
				CLANG_WARN_DEPRECATED_OBJC_IMPLEMENTATIONS = YES;
				CLANG_WARN_DIRECT_OBJC_ISA_USAGE = YES_ERROR;
				CLANG_WARN_DOCUMENTATION_COMMENTS = YES;
				CLANG_WARN_EMPTY_BODY = YES;
				CLANG_WARN_ENUM_CONVERSION = YES;
				CLANG_WARN_INFINITE_RECURSION = YES;
				CLANG_WARN_INT_CONVERSION = YES;
				CLANG_WARN_NON_LITERAL_NULL_CONVERSION = YES;
				CLANG_WARN_OBJC_IMPLICIT_RETAIN_SELF = YES;
				CLANG_WARN_OBJC_LITERAL_CONVERSION = YES;
				CLANG_WARN_OBJC_ROOT_CLASS = YES_ERROR;
				CLANG_WARN_QUOTED_INCLUDE_IN_FRAMEWORK_HEADER = YES;
				CLANG_WARN_RANGE_LOOP_ANALYSIS = YES;
				CLANG_WARN_STRICT_PROTOTYPES = YES;
				CLANG_WARN_SUSPICIOUS_MOVE = YES;
				CLANG_WARN_UNGUARDED_AVAILABILITY = YES_AGGRESSIVE;
				CLANG_WARN_UNREACHABLE_CODE = YES;
				CLANG_WARN__DUPLICATE_METHOD_MATCH = YES;
				COPY_PHASE_STRIP = NO;
				DEBUG_INFORMATION_FORMAT = dwarf;
				DEVELOPMENT_TEAM = 8KNMV3DJ4V;
				ENABLE_STRICT_OBJC_MSGSEND = YES;
				ENABLE_TESTABILITY = YES;
				ENABLE_USER_SCRIPT_SANDBOXING = YES;
				GCC_C_LANGUAGE_STANDARD = gnu17;
				GCC_DYNAMIC_NO_PIC = NO;
				GCC_NO_COMMON_BLOCKS = YES;
				GCC_OPTIMIZATION_LEVEL = 0;
				GCC_PREPROCESSOR_DEFINITIONS = (
					"DEBUG=1",
					"$(inherited)",
				);
				GCC_WARN_64_TO_32_BIT_CONVERSION = YES;
				GCC_WARN_ABOUT_RETURN_TYPE = YES_ERROR;
				GCC_WARN_UNDECLARED_SELECTOR = YES;
				GCC_WARN_UNINITIALIZED_AUTOS = YES_AGGRESSIVE;
				GCC_WARN_UNUSED_FUNCTION = YES;
				GCC_WARN_UNUSED_VARIABLE = YES;
				IPHONEOS_DEPLOYMENT_TARGET = 18.5;
				LOCALIZATION_PREFERS_STRING_CATALOGS = YES;
				MTL_ENABLE_DEBUG_INFO = INCLUDE_SOURCE;
				MTL_FAST_MATH = YES;
				ONLY_ACTIVE_ARCH = YES;
				SDKROOT = iphoneos;
				SWIFT_ACTIVE_COMPILATION_CONDITIONS = "DEBUG $(inherited)";
				SWIFT_OPTIMIZATION_LEVEL = "-Onone";
			};
			name = Debug;
		};
		8DEB03D6302F6AEA00FECF12 /* Release */ = {
			isa = XCBuildConfiguration;
			buildSettings = {
				ALWAYS_SEARCH_USER_PATHS = NO;
				ASSETCATALOG_COMPILER_GENERATE_SWIFT_ASSET_SYMBOL_EXTENSIONS = YES;
				CLANG_ANALYZER_NONNULL = YES;
				CLANG_ANALYZER_NUMBER_OBJECT_CONVERSION = YES_AGGRESSIVE;
				CLANG_CXX_LANGUAGE_STANDARD = "gnu++20";
				CLANG_ENABLE_MODULES = YES;
				CLANG_ENABLE_OBJC_ARC = YES;
				CLANG_ENABLE_OBJC_WEAK = YES;
				CLANG_WARN_BLOCK_CAPTURE_AUTORELEASING = YES;
				CLANG_WARN_BOOL_CONVERSION = YES;
				CLANG_WARN_COMMA = YES;
				CLANG_WARN_CONSTANT_CONVERSION = YES;
				CLANG_WARN_DEPRECATED_OBJC_IMPLEMENTATIONS = YES;
				CLANG_WARN_DIRECT_OBJC_ISA_USAGE = YES_ERROR;
				CLANG_WARN_DOCUMENTATION_COMMENTS = YES;
				CLANG_WARN_EMPTY_BODY = YES;
				CLANG_WARN_ENUM_CONVERSION = YES;
				CLANG_WARN_INFINITE_RECURSION = YES;
				CLANG_WARN_INT_CONVERSION = YES;
				CLANG_WARN_NON_LITERAL_NULL_CONVERSION = YES;
				CLANG_WARN_OBJC_IMPLICIT_RETAIN_SELF = YES;
				CLANG_WARN_OBJC_LITERAL_CONVERSION = YES;
				CLANG_WARN_OBJC_ROOT_CLASS = YES_ERROR;
				CLANG_WARN_QUOTED_INCLUDE_IN_FRAMEWORK_HEADER = YES;
				CLANG_WARN_RANGE_LOOP_ANALYSIS = YES;
				CLANG_WARN_STRICT_PROTOTYPES = YES;
				CLANG_WARN_SUSPICIOUS_MOVE = YES;
				CLANG_WARN_UNGUARDED_AVAILABILITY = YES_AGGRESSIVE;
				CLANG_WARN_UNREACHABLE_CODE = YES;
				CLANG_WARN__DUPLICATE_METHOD_MATCH = YES;
				COPY_PHASE_STRIP = NO;
				DEBUG_INFORMATION_FORMAT = "dwarf-with-dsym";
				DEVELOPMENT_TEAM = 8KNMV3DJ4V;
				ENABLE_NS_ASSERTIONS = NO;
				ENABLE_STRICT_OBJC_MSGSEND = YES;
				ENABLE_USER_SCRIPT_SANDBOXING = YES;
				GCC_C_LANGUAGE_STANDARD = gnu17;
				GCC_NO_COMMON_BLOCKS = YES;
				GCC_WARN_64_TO_32_BIT_CONVERSION = YES;
				GCC_WARN_ABOUT_RETURN_TYPE = YES_ERROR;
				GCC_WARN_UNDECLARED_SELECTOR = YES;
				GCC_WARN_UNINITIALIZED_AUTOS = YES_AGGRESSIVE;
				GCC_WARN_UNUSED_FUNCTION = YES;
				GCC_WARN_UNUSED_VARIABLE = YES;
				IPHONEOS_DEPLOYMENT_TARGET = 18.5;
				LOCALIZATION_PREFERS_STRING_CATALOGS = YES;
				MTL_ENABLE_DEBUG_INFO = NO;
				MTL_FAST_MATH = YES;
				SDKROOT = iphoneos;
				SWIFT_COMPILATION_MODE = wholemodule;
				VALIDATE_PRODUCT = YES;
			};
			name = Release;
		};
		8DEB03D8302F6AEA00FECF12 /* Debug */ = {
			isa = XCBuildConfiguration;
			baseConfigurationReference = 0598B4E749802FA075E86D70 /* Pods-AbcGameTests.debug.xcconfig */;
			buildSettings = {
				BUNDLE_LOADER = "$(TEST_HOST)";
				CODE_SIGN_STYLE = Automatic;
				CURRENT_PROJECT_VERSION = 1;
				DEVELOPMENT_TEAM = 8KNMV3DJ4V;
				GENERATE_INFOPLIST_FILE = YES;
				IPHONEOS_DEPLOYMENT_TARGET = 15.6;
				MARKETING_VERSION = 1.0;
				PRODUCT_BUNDLE_IDENTIFIER = com.vaticsoft.AbcGameTests;
				PRODUCT_NAME = "$(TARGET_NAME)";
				SWIFT_EMIT_LOC_STRINGS = NO;
				SWIFT_VERSION = 5.0;
				TARGETED_DEVICE_FAMILY = "1,2";
				TEST_HOST = "$(BUILT_PRODUCTS_DIR)/AbcGame.app/$(BUNDLE_EXECUTABLE_FOLDER_PATH)/AbcGame";
			};
			name = Debug;
		};
		8DEB03D9302F6AEA00FECF12 /* Release */ = {
			isa = XCBuildConfiguration;
			baseConfigurationReference = B65385F6A9197D32A07DE8B9 /* Pods-AbcGameTests.release.xcconfig */;
			buildSettings = {
				BUNDLE_LOADER = "$(TEST_HOST)";
				CODE_SIGN_STYLE = Automatic;
				CURRENT_PROJECT_VERSION = 1;
				DEVELOPMENT_TEAM = 8KNMV3DJ4V;
				GENERATE_INFOPLIST_FILE = YES;
				IPHONEOS_DEPLOYMENT_TARGET = 15.6;
				MARKETING_VERSION = 1.0;
				PRODUCT_BUNDLE_IDENTIFIER = com.vaticsoft.AbcGameTests;
				PRODUCT_NAME = "$(TARGET_NAME)";
				SWIFT_EMIT_LOC_STRINGS = NO;
				SWIFT_VERSION = 5.0;
				TARGETED_DEVICE_FAMILY = "1,2";
				TEST_HOST = "$(BUILT_PRODUCTS_DIR)/AbcGame.app/$(BUNDLE_EXECUTABLE_FOLDER_PATH)/AbcGame";
			};
			name = Release;
		};
		8DEB03DB302F6AEA00FECF12 /* Debug */ = {
			isa = XCBuildConfiguration;
			baseConfigurationReference = 730A0C3F4F3A3C34FF091134 /* Pods-AbcGame-AbcGameUITests.debug.xcconfig */;
			buildSettings = {
				CODE_SIGN_STYLE = Automatic;
				CURRENT_PROJECT_VERSION = 1;
				DEVELOPMENT_TEAM = 8KNMV3DJ4V;
				GENERATE_INFOPLIST_FILE = YES;
				IPHONEOS_DEPLOYMENT_TARGET = 15.6;
				MARKETING_VERSION = 1.0;
				PRODUCT_BUNDLE_IDENTIFIER = com.vaticsoft.AbcGameUITests;
				PRODUCT_NAME = "$(TARGET_NAME)";
				SWIFT_EMIT_LOC_STRINGS = NO;
				SWIFT_VERSION = 5.0;
				TARGETED_DEVICE_FAMILY = "1,2";
				TEST_TARGET_NAME = AbcGame;
			};
			name = Debug;
		};
		8DEB03DC302F6AEA00FECF12 /* Release */ = {
			isa = XCBuildConfiguration;
			baseConfigurationReference = 4EB27CA1E03E506B72E1C956 /* Pods-AbcGame-AbcGameUITests.release.xcconfig */;
			buildSettings = {
				CODE_SIGN_STYLE = Automatic;
				CURRENT_PROJECT_VERSION = 1;
				DEVELOPMENT_TEAM = 8KNMV3DJ4V;
				GENERATE_INFOPLIST_FILE = YES;
				IPHONEOS_DEPLOYMENT_TARGET = 15.6;
				MARKETING_VERSION = 1.0;
				PRODUCT_BUNDLE_IDENTIFIER = com.vaticsoft.AbcGameUITests;
				PRODUCT_NAME = "$(TARGET_NAME)";
				SWIFT_EMIT_LOC_STRINGS = NO;
				SWIFT_VERSION = 5.0;
				TARGETED_DEVICE_FAMILY = "1,2";
				TEST_TARGET_NAME = AbcGame;
			};
			name = Release;
		};
/* End XCBuildConfiguration section */

/* Begin XCConfigurationList section */
		8DEB03A4302F6AE200FECF12 /* Build configuration list for PBXProject "AbcGame" */ = {
			isa = XCConfigurationList;
			buildConfigurations = (
				8DEB03D5302F6AEA00FECF12 /* Debug */,
				8DEB03D6302F6AEA00FECF12 /* Release */,
			);
			defaultConfigurationIsVisible = 0;
			defaultConfigurationName = Release;
		};
		8DEB03D2302F6AE900FECF12 /* Build configuration list for PBXNativeTarget "AbcGame" */ = {
			isa = XCConfigurationList;
			buildConfigurations = (
				8DEB03D3302F6AE900FECF12 /* Debug */,
				8DEB03D4302F6AE900FECF12 /* Release */,
			);
			defaultConfigurationIsVisible = 0;
			defaultConfigurationName = Release;
		};
		8DEB03D7302F6AEA00FECF12 /* Build configuration list for PBXNativeTarget "AbcGameTests" */ = {
			isa = XCConfigurationList;
			buildConfigurations = (
				8DEB03D8302F6AEA00FECF12 /* Debug */,
				8DEB03D9302F6AEA00FECF12 /* Release */,
			);
			defaultConfigurationIsVisible = 0;
			defaultConfigurationName = Release;
		};
		8DEB03DA302F6AEA00FECF12 /* Build configuration list for PBXNativeTarget "AbcGameUITests" */ = {
			isa = XCConfigurationList;
			buildConfigurations = (
				8DEB03DB302F6AEA00FECF12 /* Debug */,
				8DEB03DC302F6AEA00FECF12 /* Release */,
			);
			defaultConfigurationIsVisible = 0;
			defaultConfigurationName = Release;
		};
/* End XCConfigurationList section */
	};
	rootObject = 8DEB03A1302F6AE200FECF12 /* Project object */;
}
